Microsoft Visual Studio Solution File, Format Version 12.00
# Visual Studio Version 17
VisualStudioVersion = 17.5.2.0
MinimumVisualStudioVersion = 10.0.40219.1
Project("{FAE04EC0-301F-11D3-BF4B-00C04F79EFBC}") = "FhirApi", "FhirApi.csproj", "{E7B8121D-B3EF-C9AC-D974-7F65E3A54908}"
EndProject
Global
	GlobalSection(SolutionConfigurationPlatforms) = preSolution
		Debug|Any CPU = Debug|Any CPU
		Release|Any CPU = Release|Any CPU
	EndGlobalSection
	GlobalSection(ProjectConfigurationPlatforms) = postSolution
		{E7B8121D-B3EF-C9AC-D974-7F65E3A54908}.Debug|Any CPU.ActiveCfg = Debug|Any CPU
		{E7B8121D-B3EF-C9AC-D974-7F65E3A54908}.Debug|Any CPU.Build.0 = Debug|Any CPU
		{E7B8121D-B3EF-C9AC-D974-7F65E3A54908}.Release|Any CPU.ActiveCfg = Release|Any CPU
		{E7B8121D-B3EF-C9AC-D974-7F65E3A54908}.Release|Any CPU.Build.0 = Release|Any CPU
	EndGlobalSection
	GlobalSection(SolutionProperties) = preSolution
		HideSolutionNode = FALSE
	EndGlobalSection
	GlobalSection(ExtensibilityGlobals) = postSolution
		SolutionGuid = {360100E2-B0B7-4FA0-B8CD-A00EA198BA75}
	EndGlobalSection
EndGlobal
